
Microsoft Visual Studio Solution File, Format Version 12.00
# Visual Studio Version 17
VisualStudioVersion = 17.5.002.0
MinimumVisualStudioVersion = 10.0.40219.1
Project("{9A19103F-16F7-4668-BE54-9A1E7A4F7556}") = "TestProjec", "TestProjec.csproj", "{72F75075-2F41-4079-A82E-16D33E9AEF81}"
EndProject
Global
	GlobalSection(SolutionConfigurationPlatforms) = preSolution
		Debug|Any CPU = Debug|Any CPU
		Release|Any CPU = Release|Any CPU
	EndGlobalSection
	GlobalSection(ProjectConfigurationPlatforms) = postSolution
		{72F75075-2F41-4079-A82E-16D33E9AEF81}.Debug|Any CPU.ActiveCfg = Debug|Any CPU
		{72F75075-2F41-4079-A82E-16D33E9AEF81}.Debug|Any CPU.Build.0 = Debug|Any CPU
		{72F75075-2F41-4079-A82E-16D33E9AEF81}.Release|Any CPU.ActiveCfg = Release|Any CPU
		{72F75075-2F41-4079-A82E-16D33E9AEF81}.Release|Any CPU.Build.0 = Release|Any CPU
	EndGlobalSection
	GlobalSection(SolutionProperties) = preSolution
		HideSolutionNode = FALSE
	EndGlobalSection
	GlobalSection(ExtensibilityGlobals) = postSolution
		SolutionGuid = {602804B9-56E2-4E35-ADED-5A1E17C21789}
	EndGlobalSection
EndGlobal
